
Microsoft Visual Studio Solution File, Format Version 12.00
# Visual Studio 15
VisualStudioVersion = 15.0.27703.2047
MinimumVisualStudioVersion = 10.0.40219.1
Project("{FAE04EC0-301F-11D3-BF4B-00C04F79EFBC}") = "liczby", "liczby\liczby.csproj", "{37F7F727-4413-40C5-914B-DC238CEA2B78}"
EndProject
Global
	GlobalSection(SolutionConfigurationPlatforms) = preSolution
		Debug|Any CPU = Debug|Any CPU
		Release|Any CPU = Release|Any CPU
	EndGlobalSection
	GlobalSection(ProjectConfigurationPlatforms) = postSolution
		{37F7F727-4413-40C5-914B-DC238CEA2B78}.Debug|Any CPU.ActiveCfg = Debug|Any CPU
		{37F7F727-4413-40C5-914B-DC238CEA2B78}.Debug|Any CPU.Build.0 = Debug|Any CPU
		{37F7F727-4413-40C5-914B-DC238CEA2B78}.Release|Any CPU.ActiveCfg = Release|Any CPU
		{37F7F727-4413-40C5-914B-DC238CEA2B78}.Release|Any CPU.Build.0 = Release|Any CPU
	EndGlobalSection
	GlobalSection(SolutionProperties) = preSolution
		HideSolutionNode = FALSE
	EndGlobalSection
	GlobalSection(ExtensibilityGlobals) = postSolution
		SolutionGuid = {BA53F00F-C9BB-41A3-8A8E-E6507565F679}
	EndGlobalSection
EndGlobal
